// !$*UTF8*$!
{
	archiveVersion = 1;
	classes = {
	};
	objectVersion = 56;
	objects = {

/* Begin PBXBuildFile section */
		F43A89F42B878E1C009713A8 /* Transaction .swift in Sources */ = {isa = PBXBuildFile; fileRef = F43A89F32B878E1C009713A8 /* Transaction .swift */; };
		F43A89F62B878E34009713A8 /* TransactionManager.swift in Sources */ = {isa = PBXBuildFile; fileRef = F43A89F52B878E34009713A8 /* TransactionManager.swift */; };
		F43A89F82B878E4F009713A8 /* ExpensesView.swift in Sources */ = {isa = PBXBuildFile; fileRef = F43A89F72B878E4F009713A8 /* ExpensesView.swift */; };
		F43A89FA2B878E65009713A8 /* AddTransactionView.swift in Sources */ = {isa = PBXBuildFile; fileRef = F43A89F92B878E65009713A8 /* AddTransactionView.swift */; };
		F43A89FC2B878E7A009713A8 /* SettingsView.swift in Sources */ = {isa = PBXBuildFile; fileRef = F43A89FB2B878E7A009713A8 /* SettingsView.swift */; };
		F43A89FF2B878EA9009713A8 /* SwiftUICharts in Frameworks */ = {isa = PBXBuildFile; productRef = F43A89FE2B878EA9009713A8 /* SwiftUICharts */; };
		F43A8A012B87910C009713A8 /* MonthlyTransactionsView.swift in Sources */ = {isa = PBXBuildFile; fileRef = F43A8A002B87910C009713A8 /* MonthlyTransactionsView.swift */; };
		F43A8A032B87A4CB009713A8 /* CustomLineChart.swift in Sources */ = {isa = PBXBuildFile; fileRef = F43A8A022B87A4CB009713A8 /* CustomLineChart.swift */; };
		F44981042B876F07002E2915 /* ExpenseTrackerApp.swift in Sources */ = {isa = PBXBuildFile; fileRef = F44981032B876F07002E2915 /* ExpenseTrackerApp.swift */; };
		F44981062B876F07002E2915 /* ContentView.swift in Sources */ = {isa = PBXBuildFile; fileRef = F44981052B876F07002E2915 /* ContentView.swift */; };
		F44981082B876F08002E2915 /* Assets.xcassets in Resources */ = {isa = PBXBuildFile; fileRef = F44981072B876F08002E2915 /* Assets.xcassets */; };
		F449810B2B876F08002E2915 /* Preview Assets.xcassets in Resources */ = {isa = PBXBuildFile; fileRef = F449810A2B876F08002E2915 /* Preview Assets.xcassets */; };
/* End PBXBuildFile section */

/* Begin PBXFileReference section */
		F43A89F32B878E1C009713A8 /* Transaction .swift */ = {isa = PBXFileReference; lastKnownFileType = sourcecode.swift; path = "Transaction .swift"; sourceTree = "<group>"; };
		F43A89F52B878E34009713A8 /* TransactionManager.swift */ = {isa = PBXFileReference; lastKnownFileType = sourcecode.swift; path = TransactionManager.swift; sourceTree = "<group>"; };
		F43A89F72B878E4F009713A8 /* ExpensesView.swift */ = {isa = PBXFileReference; lastKnownFileType = sourcecode.swift; path = ExpensesView.swift; sourceTree = "<group>"; };
		F43A89F92B878E65009713A8 /* AddTransactionView.swift */ = {isa = PBXFileReference; lastKnownFileType = sourcecode.swift; path = AddTransactionView.swift; sourceTree = "<group>"; };
		F43A89FB2B878E7A009713A8 /* SettingsView.swift */ = {isa = PBXFileReference; lastKnownFileType = sourcecode.swift; path = SettingsView.swift; sourceTree = "<group>"; };
		F43A8A002B87910C009713A8 /* MonthlyTransactionsView.swift */ = {isa = PBXFileReference; lastKnownFileType = sourcecode.swift; path = MonthlyTransactionsView.swift; sourceTree = "<group>"; };
		F43A8A022B87A4CB009713A8 /* CustomLineChart.swift */ = {isa = PBXFileReference; lastKnownFileType = sourcecode.swift; path = CustomLineChart.swift; sourceTree = "<group>"; };
		F44981002B876F07002E2915 /* ExpenseTracker.app */ = {isa = PBXFileReference; explicitFileType = wrapper.application; includeInIndex = 0; path = ExpenseTracker.app; sourceTree = BUILT_PRODUCTS_DIR; };
		F44981032B876F07002E2915 /* ExpenseTrackerApp.swift */ = {isa = PBXFileReference; lastKnownFileType = sourcecode.swift; path = ExpenseTrackerApp.swift; sourceTree = "<group>"; };
		F44981052B876F07002E2915 /* ContentView.swift */ = {isa = PBXFileReference; lastKnownFileType = sourcecode.swift; path = ContentView.swift; sourceTree = "<group>"; };
		F44981072B876F08002E2915 /* Assets.xcassets */ = {isa = PBXFileReference; lastKnownFileType = folder.assetcatalog; path = Assets.xcassets; sourceTree = "<group>"; };
		F449810A2B876F08002E2915 /* Preview Assets.xcassets */ = {isa = PBXFileReference; lastKnownFileType = folder.assetcatalog; path = "Preview Assets.xcassets"; sourceTree = "<group>"; };
/* End PBXFileReference section */

/* Begin PBXFrameworksBuildPhase section */
		F44980FD2B876F07002E2915 /* Frameworks */ = {
			isa = PBXFrameworksBuildPhase;
			buildActionMask = 2147483647;
			files = (
				F43A89FF2B878EA9009713A8 /* SwiftUICharts in Frameworks */,
			);
			runOnlyForDeploymentPostprocessing = 0;
		};
/* End PBXFrameworksBuildPhase section */

/* Begin PBXGroup section */
		F43A89F02B878DF3009713A8 /* Model */ = {
			isa = PBXGroup;
			children = (
				F43A89F32B878E1C009713A8 /* Transaction .swift */,
			);
			path = Model;
			sourceTree = "<group>";
		};
		F43A89F12B878DF8009713A8 /* View */ = {
			isa = PBXGroup;
			children = (
				F44981052B876F07002E2915 /* ContentView.swift */,
				F43A89F72B878E4F009713A8 /* ExpensesView.swift */,
				F43A89F92B878E65009713A8 /* AddTransactionView.swift */,
				F43A89FB2B878E7A009713A8 /* SettingsView.swift */,
				F43A8A002B87910C009713A8 /* MonthlyTransactionsView.swift */,
				F43A8A022B87A4CB009713A8 /* CustomLineChart.swift */,
			);
			path = View;
			sourceTree = "<group>";
		};
		F43A89F22B878DFE009713A8 /* ViewModel */ = {
			isa = PBXGroup;
			children = (
				F43A89F52B878E34009713A8 /* TransactionManager.swift */,
			);
			path = ViewModel;
			sourceTree = "<group>";
		};
		F44980F72B876F07002E2915 = {
			isa = PBXGroup;
			children = (
				F44981022B876F07002E2915 /* ExpenseTracker */,
				F44981012B876F07002E2915 /* Products */,
			);
			sourceTree = "<group>";
		};
		F44981012B876F07002E2915 /* Products */ = {
			isa = PBXGroup;
			children = (
				F44981002B876F07002E2915 /* ExpenseTracker.app */,
			);
			name = Products;
			sourceTree = "<group>";
		};
		F44981022B876F07002E2915 /* ExpenseTracker */ = {
			isa = PBXGroup;
			children = (
				F43A89F22B878DFE009713A8 /* ViewModel */,
				F43A89F12B878DF8009713A8 /* View */,
				F43A89F02B878DF3009713A8 /* Model */,
				F44981032B876F07002E2915 /* ExpenseTrackerApp.swift */,
				F44981072B876F08002E2915 /* Assets.xcassets */,
				F44981092B876F08002E2915 /* Preview Content */,
			);
			path = ExpenseTracker;
			sourceTree = "<group>";
		};
		F44981092B876F08002E2915 /* Preview Content */ = {
			isa = PBXGroup;
			children = (
				F449810A2B876F08002E2915 /* Preview Assets.xcassets */,
			);
			path = "Preview Content";
			sourceTree = "<group>";
		};
/* End PBXGroup section */

/* Begin PBXNativeTarget section */
		F44980FF2B876F07002E2915 /* ExpenseTracker */ = {
			isa = PBXNativeTarget;
			buildConfigurationList = F449810E2B876F08002E2915 /* Build configuration list for PBXNativeTarget "ExpenseTracker" */;
			buildPhases = (
				F44980FC2B876F07002E2915 /* Sources */,
				F44980FD2B876F07002E2915 /* Frameworks */,
				F44980FE2B876F07002E2915 /* Resources */,
			);
			buildRules = (
			);
			dependencies = (
			);
			name = ExpenseTracker;
			packageProductDependencies = (
				F43A89FE2B878EA9009713A8 /* SwiftUICharts */,
			);
			productName = ExpenseTracker;
			productReference = F44981002B876F07002E2915 /* ExpenseTracker.app */;
			productType = "com.apple.product-type.application";
		};
/* End PBXNativeTarget section */

/* Begin PBXProject section */
		F44980F82B876F07002E2915 /* Project object */ = {
			isa = PBXProject;
			attributes = {
				BuildIndependentTargetsInParallel = 1;
				LastSwiftUpdateCheck = 1520;
				LastUpgradeCheck = 1520;
				TargetAttributes = {
					F44980FF2B876F07002E2915 = {
						CreatedOnToolsVersion = 15.2;
					};
				};
			};
			buildConfigurationList = F44980FB2B876F07002E2915 /* Build configuration list for PBXProject "ExpenseTracker" */;
			compatibilityVersion = "Xcode 14.0";
			developmentRegion = en;
			hasScannedForEncodings = 0;
			knownRegions = (
				en,
				Base,
			);
			mainGroup = F44980F72B876F07002E2915;
			packageReferences = (
				F43A89FD2B878EA9009713A8 /* XCRemoteSwiftPackageReference "ChartView" */,
			);
			productRefGroup = F44981012B876F07002E2915 /* Products */;
			projectDirPath = "";
			projectRoot = "";
			targets = (
				F44980FF2B876F07002E2915 /* ExpenseTracker */,
			);
		};
/* End PBXProject section */

/* Begin PBXResourcesBuildPhase section */
		F44980FE2B876F07002E2915 /* Resources */ = {
			isa = PBXResourcesBuildPhase;
			buildActionMask = 2147483647;
			files = (
				F449810B2B876F08002E2915 /* Preview Assets.xcassets in Resources */,
				F44981082B876F08002E2915 /* Assets.xcassets in Resources */,
			);
			runOnlyForDeploymentPostprocessing = 0;
		};
/* End PBXResourcesBuildPhase section */

/* Begin PBXSourcesBuildPhase section */
		F44980FC2B876F07002E2915 /* Sources */ = {
			isa = PBXSourcesBuildPhase;
			buildActionMask = 2147483647;
			files = (
				F43A89FC2B878E7A009713A8 /* SettingsView.swift in Sources */,
				F43A89F62B878E34009713A8 /* TransactionManager.swift in Sources */,
				F44981062B876F07002E2915 /* ContentView.swift in Sources */,
				F44981042B876F07002E2915 /* ExpenseTrackerApp.swift in Sources */,
				F43A89FA2B878E65009713A8 /* AddTransactionView.swift in Sources */,
				F43A89F82B878E4F009713A8 /* ExpensesView.swift in Sources */,
				F43A89F42B878E1C009713A8 /* Transaction .swift in Sources */,
				F43A8A012B87910C009713A8 /* MonthlyTransactionsView.swift in Sources */,
				F43A8A032B87A4CB009713A8 /* CustomLineChart.swift in Sources */,
			);
			runOnlyForDeploymentPostprocessing = 0;
		};
/* End PBXSourcesBuildPhase section */

/* Begin XCBuildConfiguration section */
		F449810C2B876F08002E2915 /* Debug */ = {
			isa = XCBuildConfiguration;
			buildSettings = {
				ALWAYS_SEARCH_USER_PATHS = NO;
				ASSETCATALOG_COMPILER_GENERATE_SWIFT_ASSET_SYMBOL_EXTENSIONS = YES;
				CLANG_ANALYZER_NONNULL = YES;
				CLANG_ANALYZER_NUMBER_OBJECT_CONVERSION = YES_AGGRESSIVE;
				CLANG_CXX_LANGUAGE_STANDARD = "gnu++20";
				CLANG_ENABLE_MODULES = YES;
				CLANG_ENABLE_OBJC_ARC = YES;
				CLANG_ENABLE_OBJC_WEAK = YES;
				CLANG_WARN_BLOCK_CAPTURE_AUTORELEASING = YES;
				CLANG_WARN_BOOL_CONVERSION = YES;
				CLANG_WARN_COMMA = YES;
				CLANG_WARN_CONSTANT_CONVERSION = YES;
				CLANG_WARN_DEPRECATED_OBJC_IMPLEMENTATIONS = YES;
				CLANG_WARN_DIRECT_OBJC_ISA_USAGE = YES_ERROR;
				CLANG_WARN_DOCUMENTATION_COMMENTS = YES;
				CLANG_WARN_EMPTY_BODY = YES;
				CLANG_WARN_ENUM_CONVERSION = YES;
				CLANG_WARN_INFINITE_RECURSION = YES;
				CLANG_WARN_INT_CONVERSION = YES;
				CLANG_WARN_NON_LITERAL_NULL_CONVERSION = YES;
				CLANG_WARN_OBJC_IMPLICIT_RETAIN_SELF = YES;
				CLANG_WARN_OBJC_LITERAL_CONVERSION = YES;
				CLANG_WARN_OBJC_ROOT_CLASS = YES_ERROR;
				CLANG_WARN_QUOTED_INCLUDE_IN_FRAMEWORK_HEADER = YES;
				CLANG_WARN_RANGE_LOOP_ANALYSIS = YES;
				CLANG_WARN_STRICT_PROTOTYPES = YES;
				CLANG_WARN_SUSPICIOUS_MOVE = YES;
				CLANG_WARN_UNGUARDED_AVAILABILITY = YES_AGGRESSIVE;
				CLANG_WARN_UNREACHABLE_CODE = YES;
				CLANG_WARN__DUPLICATE_METHOD_MATCH = YES;
				COPY_PHASE_STRIP = NO;
				DEBUG_INFORMATION_FORMAT = dwarf;
				ENABLE_STRICT_OBJC_MSGSEND = YES;
				ENABLE_TESTABILITY = YES;
				ENABLE_USER_SCRIPT_SANDBOXING = YES;
				GCC_C_LANGUAGE_STANDARD = gnu17;
				GCC_DYNAMIC_NO_PIC = NO;
				GCC_NO_COMMON_BLOCKS = YES;
				GCC_OPTIMIZATION_LEVEL = 0;
				GCC_PREPROCESSOR_DEFINITIONS = (
					"DEBUG=1",
					"$(inherited)",
				);
				GCC_WARN_64_TO_32_BIT_CONVERSION = YES;
				GCC_WARN_ABOUT_RETURN_TYPE = YES_ERROR;
				GCC_WARN_UNDECLARED_SELECTOR = YES;
				GCC_WARN_UNINITIALIZED_AUTOS = YES_AGGRESSIVE;
				GCC_WARN_UNUSED_FUNCTION = YES;
				GCC_WARN_UNUSED_VARIABLE = YES;
				IPHONEOS_DEPLOYMENT_TARGET = 17.2;
				LOCALIZATION_PREFERS_STRING_CATALOGS = YES;
				MTL_ENABLE_DEBUG_INFO = INCLUDE_SOURCE;
				MTL_FAST_MATH = YES;
				ONLY_ACTIVE_ARCH = YES;
				SDKROOT = iphoneos;
				SWIFT_ACTIVE_COMPILATION_CONDITIONS = "DEBUG $(inherited)";
				SWIFT_OPTIMIZATION_LEVEL = "-Onone";
			};
			name = Debug;
		};
		F449810D2B876F08002E2915 /* Release */ = {
			isa = XCBuildConfiguration;
			buildSettings = {
				ALWAYS_SEARCH_USER_PATHS = NO;
				ASSETCATALOG_COMPILER_GENERATE_SWIFT_ASSET_SYMBOL_EXTENSIONS = YES;
				CLANG_ANALYZER_NONNULL = YES;
				CLANG_ANALYZER_NUMBER_OBJECT_CONVERSION = YES_AGGRESSIVE;
				CLANG_CXX_LANGUAGE_STANDARD = "gnu++20";
				CLANG_ENABLE_MODULES = YES;
				CLANG_ENABLE_OBJC_ARC = YES;
				CLANG_ENABLE_OBJC_WEAK = YES;
				CLANG_WARN_BLOCK_CAPTURE_AUTORELEASING = YES;
				CLANG_WARN_BOOL_CONVERSION = YES;
				CLANG_WARN_COMMA = YES;
				CLANG_WARN_CONSTANT_CONVERSION = YES;
				CLANG_WARN_DEPRECATED_OBJC_IMPLEMENTATIONS = YES;
				CLANG_WARN_DIRECT_OBJC_ISA_USAGE = YES_ERROR;
				CLANG_WARN_DOCUMENTATION_COMMENTS = YES;
				CLANG_WARN_EMPTY_BODY = YES;
				CLANG_WARN_ENUM_CONVERSION = YES;
				CLANG_WARN_INFINITE_RECURSION = YES;
				CLANG_WARN_INT_CONVERSION = YES;
				CLANG_WARN_NON_LITERAL_NULL_CONVERSION = YES;
				CLANG_WARN_OBJC_IMPLICIT_RETAIN_SELF = YES;
				CLANG_WARN_OBJC_LITERAL_CONVERSION = YES;
				CLANG_WARN_OBJC_ROOT_CLASS = YES_ERROR;
				CLANG_WARN_QUOTED_INCLUDE_IN_FRAMEWORK_HEADER = YES;
				CLANG_WARN_RANGE_LOOP_ANALYSIS = YES;
				CLANG_WARN_STRICT_PROTOTYPES = YES;
				CLANG_WARN_SUSPICIOUS_MOVE = YES;
				CLANG_WARN_UNGUARDED_AVAILABILITY = YES_AGGRESSIVE;
				CLANG_WARN_UNREACHABLE_CODE = YES;
				CLANG_WARN__DUPLICATE_METHOD_MATCH = YES;
				COPY_PHASE_STRIP = NO;
				DEBUG_INFORMATION_FORMAT = "dwarf-with-dsym";
				ENABLE_NS_ASSERTIONS = NO;
				ENABLE_STRICT_OBJC_MSGSEND = YES;
				ENABLE_USER_SCRIPT_SANDBOXING = YES;
				GCC_C_LANGUAGE_STANDARD = gnu17;
				GCC_NO_COMMON_BLOCKS = YES;
				GCC_WARN_64_TO_32_BIT_CONVERSION = YES;
				GCC_WARN_ABOUT_RETURN_TYPE = YES_ERROR;
				GCC_WARN_UNDECLARED_SELECTOR = YES;
				GCC_WARN_UNINITIALIZED_AUTOS = YES_AGGRESSIVE;
				GCC_WARN_UNUSED_FUNCTION = YES;
				GCC_WARN_UNUSED_VARIABLE = YES;
				IPHONEOS_DEPLOYMENT_TARGET = 17.2;
				LOCALIZATION_PREFERS_STRING_CATALOGS = YES;
				MTL_ENABLE_DEBUG_INFO = NO;
				MTL_FAST_MATH = YES;
				SDKROOT = iphoneos;
				SWIFT_COMPILATION_MODE = wholemodule;
				VALIDATE_PRODUCT = YES;
			};
			name = Release;
		};
		F449810F2B876F08002E2915 /* Debug */ = {
			isa = XCBuildConfiguration;
			buildSettings = {
				ASSETCATALOG_COMPILER_APPICON_NAME = AppIcon;
				ASSETCATALOG_COMPILER_GLOBAL_ACCENT_COLOR_NAME = AccentColor;
				CODE_SIGN_STYLE = Automatic;
				CURRENT_PROJECT_VERSION = 1;
				DEVELOPMENT_ASSET_PATHS = "\"ExpenseTracker/Preview Content\"";
				DEVELOPMENT_TEAM = WR5H634DWJ;
				ENABLE_PREVIEWS = YES;
				GENERATE_INFOPLIST_FILE = YES;
				INFOPLIST_KEY_UIApplicationSceneManifest_Generation = YES;
				INFOPLIST_KEY_UIApplicationSupportsIndirectInputEvents = YES;
				INFOPLIST_KEY_UILaunchScreen_Generation = YES;
				INFOPLIST_KEY_UISupportedInterfaceOrientations_iPad = "UIInterfaceOrientationPortrait UIInterfaceOrientationPortraitUpsideDown UIInterfaceOrientationLandscapeLeft UIInterfaceOrientationLandscapeRight";
				INFOPLIST_KEY_UISupportedInterfaceOrientations_iPhone = "UIInterfaceOrientationPortrait UIInterfaceOrientationLandscapeLeft UIInterfaceOrientationLandscapeRight";
				LD_RUNPATH_SEARCH_PATHS = (
					"$(inherited)",
					"@executable_path/Frameworks",
				);
				MARKETING_VERSION = 1.0;
				PRODUCT_BUNDLE_IDENTIFIER = com.rutik.ExpenseTracker;
				PRODUCT_NAME = "$(TARGET_NAME)";
				SWIFT_EMIT_LOC_STRINGS = YES;
				SWIFT_VERSION = 5.0;
				TARGETED_DEVICE_FAMILY = "1,2";
			};
			name = Debug;
		};
		F44981102B876F08002E2915 /* Release */ = {
			isa = XCBuildConfiguration;
			buildSettings = {
				ASSETCATALOG_COMPILER_APPICON_NAME = AppIcon;
				ASSETCATALOG_COMPILER_GLOBAL_ACCENT_COLOR_NAME = AccentColor;
				CODE_SIGN_STYLE = Automatic;
				CURRENT_PROJECT_VERSION = 1;
				DEVELOPMENT_ASSET_PATHS = "\"ExpenseTracker/Preview Content\"";
				DEVELOPMENT_TEAM = WR5H634DWJ;
				ENABLE_PREVIEWS = YES;
				GENERATE_INFOPLIST_FILE = YES;
				INFOPLIST_KEY_UIApplicationSceneManifest_Generation = YES;
				INFOPLIST_KEY_UIApplicationSupportsIndirectInputEvents = YES;
				INFOPLIST_KEY_UILaunchScreen_Generation = YES;
				INFOPLIST_KEY_UISupportedInterfaceOrientations_iPad = "UIInterfaceOrientationPortrait UIInterfaceOrientationPortraitUpsideDown UIInterfaceOrientationLandscapeLeft UIInterfaceOrientationLandscapeRight";
				INFOPLIST_KEY_UISupportedInterfaceOrientations_iPhone = "UIInterfaceOrientationPortrait UIInterfaceOrientationLandscapeLeft UIInterfaceOrientationLandscapeRight";
				LD_RUNPATH_SEARCH_PATHS = (
					"$(inherited)",
					"@executable_path/Frameworks",
				);
				MARKETING_VERSION = 1.0;
				PRODUCT_BUNDLE_IDENTIFIER = com.rutik.ExpenseTracker;
				PRODUCT_NAME = "$(TARGET_NAME)";
				SWIFT_EMIT_LOC_STRINGS = YES;
				SWIFT_VERSION = 5.0;
				TARGETED_DEVICE_FAMILY = "1,2";
			};
			name = Release;
		};
/* End XCBuildConfiguration section */

/* Begin XCConfigurationList section */
		F44980FB2B876F07002E2915 /* Build configuration list for PBXProject "ExpenseTracker" */ = {
			isa = XCConfigurationList;
			buildConfigurations = (
				F449810C2B876F08002E2915 /* Debug */,
				F449810D2B876F08002E2915 /* Release */,
			);
			defaultConfigurationIsVisible = 0;
			defaultConfigurationName = Release;
		};
		F449810E2B876F08002E2915 /* Build configuration list for PBXNativeTarget "ExpenseTracker" */ = {
			isa = XCConfigurationList;
			buildConfigurations = (
				F449810F2B876F08002E2915 /* Debug */,
				F44981102B876F08002E2915 /* Release */,
			);
			defaultConfigurationIsVisible = 0;
			defaultConfigurationName = Release;
		};
/* End XCConfigurationList section */

/* Begin XCRemoteSwiftPackageReference section */
		F43A89FD2B878EA9009713A8 /* XCRemoteSwiftPackageReference "ChartView" */ = {
			isa = XCRemoteSwiftPackageReference;
			repositoryURL = "https://github.com/AppPear/ChartView";
			requirement = {
				kind = upToNextMajorVersion;
				minimumVersion = 1.5.5;
			};
		};
/* End XCRemoteSwiftPackageReference section */

/* Begin XCSwiftPackageProductDependency section */
		F43A89FE2B878EA9009713A8 /* SwiftUICharts */ = {
			isa = XCSwiftPackageProductDependency;
			package = F43A89FD2B878EA9009713A8 /* XCRemoteSwiftPackageReference "ChartView" */;
			productName = SwiftUICharts;
		};
/* End XCSwiftPackageProductDependency section */
	};
	rootObject = F44980F82B876F07002E2915 /* Project object */;
}
